
Microsoft Visual Studio Solution File, Format Version 12.00
# Visual Studio Version 17
VisualStudioVersion = 17.10.35201.131
MinimumVisualStudioVersion = 10.0.40219.1
Project("{FAE04EC0-301F-11D3-BF4B-00C04F79EFBC}") = "ASPNETCoreIdentityDemo", "ASPNETCoreIdentityDemo\ASPNETCoreIdentityDemo.csproj", "{172EAF10-89D9-4C8A-8A61-976E2A097CC2}"
EndProject
Global
	GlobalSection(SolutionConfigurationPlatforms) = preSolution
		Debug|Any CPU = Debug|Any CPU
		Release|Any CPU = Release|Any CPU
	EndGlobalSection
	GlobalSection(ProjectConfigurationPlatforms) = postSolution
		{172EAF10-89D9-4C8A-8A61-976E2A097CC2}.Debug|Any CPU.ActiveCfg = Debug|Any CPU
		{172EAF10-89D9-4C8A-8A61-976E2A097CC2}.Debug|Any CPU.Build.0 = Debug|Any CPU
		{172EAF10-89D9-4C8A-8A61-976E2A097CC2}.Release|Any CPU.ActiveCfg = Release|Any CPU
		{172EAF10-89D9-4C8A-8A61-976E2A097CC2}.Release|Any CPU.Build.0 = Release|Any CPU
	EndGlobalSection
	GlobalSection(SolutionProperties) = preSolution
		HideSolutionNode = FALSE
	EndGlobalSection
	GlobalSection(ExtensibilityGlobals) = postSolution
		SolutionGuid = {645C3983-0BC7-4466-8845-2A96A52DC6BB}
	EndGlobalSection
EndGlobal
